github.com/busoc/rt v0.0.0-20200225125237-59b9bcec78f5 h1:W2zmdyzq0M/UI7I4JH77bcM+Fc2G1WnPcTimKuzOjYY=
github.com/busoc/rt v0.0.0-20200225125237-59b9bcec78f5/go.mod h1:wYIIH3aRqfe/hO1i9BXIPpqaPIZlX4p5uq5f8BLmsNI=
github.com/busoc/timutil v0.0.0-20190424085049-fd99599331fb h1:cpYtDMxQr2LTUJcW4zQSrfCymXH+hIKEjqhi1yJ2E5M=
github.com/busoc/timutil v0.0.0-20190424085049-fd99599331fb/go.mod h1:nQoi6oPwM0qvn1Ka7uL1uRQeiCnMOk4poyJPSWqR1FU=
github.com/davecgh/go-spew v1.1.0 h1:ZDRjVQ15GmhC3fiQ8ni8+OwkZQO4DARzQgrnXU1Liz8=
github.com/davecgh/go-spew v1.1.0/go.mod h1:J7Y8YcW2NihsgmVo/mv3lAwl/skON4iLHjSsI+c5H38=
github.com/juju/ratelimit v1.0.1 h1:+7AIFJVQ0EQgq/K9+0Krm7m530Du7tIz0METWzN0RgY=
github.com/juju/ratelimit v1.0.1/go.mod h1:qapgC/Gy+xNh9UxzV13HGGl/6UXNN+ct+vwSgWNm/qk=
github.com/kr/fs v0.1.0 h1:Jskdu9ieNAYnjxsi0LbQp1ulIKZV1LAFgK1tWhpZgl8=
github.com/kr/fs v0.1.0/go.mod h1:FFnZGqtBN9Gxj7eW1uZ42v5BccTP0vu6NEaFoC2HwRg=
github.com/midbel/cli v0.0.0-20201124093822-1428367b5433 h1:CPfdRk6zXeL5whsIYl8zrH8YsoyfX/kPQX37RPEWO6M=
github.com/midbel/cli v0.0.0-20201124093822-1428367b5433/go.mod h1:Hni7bX9GqbxnA4it2s21XvfAYUs8Ch5cnc3UObr4NqE=
github.com/midbel/exif v0.0.0-20210122115304-0fbbe3ddf262 h1:K2jG6JaLpfDbBKJS4v5B5LX+aIZdNbj3TRdIG/1Yb8I=
github.com/midbel/exif v0.0.0-20210122115304-0fbbe3ddf262/go.mod h1:pMY7Tov7ltV4PHd6iAh9F12wwVotFIuWdKWJCCkkJDU=
github.com/midbel/glob v0.0.0-20200504065619-f41a2251120c h1:fVAW6Sab3JTShym/eVYmgczIyhBsb5KGp/ykndV8Hf0=
github.com/midbel/glob v0.0.0-20200504065619-f41a2251120c/go.mod h1:Pf25vk404wNUdiDz8wsZrHeCnPgbeylo6n4voQ59sTs=
github.com/midbel/hexdump v0.0.0-20210218094232-52de79841a2c/go.mod h1:gvL0jp+ULLr0YEC2cpCBx2W5di4zULwhr3ABLpc9veQ=
github.com/midbel/linewriter v0.1.0 h1:A/GSaNWlIIHLHOPAyruEHUazYgYHEg+1ja2Y92OnG0o=
github.com/midbel/linewriter v0.1.0/go.mod h1:bHp00uSlj4hE5qaMcjT+q2oENZ7K1wtFAE7LajeN0C8=
github.com/midbel/mbox v0.0.0-20200206134550-9d27e3a59c63 h1:DEb6CfxM+4VUhr4j1YjoWXPwVybFZ/lLL5Ox2C/YlhI=
github.com/midbel/mbox v0.0.0-20200206134550-9d27e3a59c63/go.mod h1:q06S8muDdTCodeM085bqka/NSX/StuuUfiZddDh8c6k=
github.com/midbel/mime v0.0.0-20210128122252-89a89217d203 h1:WBFWmcsc5iWP0Nmi/hG1v7RgzIs+Pf7CTVuxu9Ob3iI=
github.com/midbel/mime v0.0.0-20210128122252-89a89217d203/go.mod h1:dBHGL7LqpJTF4WjYP0GBiFl8tkJC3Be+H4HEqG+1WUY=
github.com/midbel/pdf v0.0.0-20210228090741-454c5233aea9 h1:wRUhOHk+d2anNRRFSw3Lq4cfhZ9qZjM4a1zw9yQk3wE=
github.com/midbel/pdf v0.0.0-20210228090741-454c5233aea9/go.mod h1:PTPVM9e8eOS6VkINGWaSrawXcHJTvJdLU9pItbahSJw=
github.com/midbel/sizefmt v0.0.0-20190516041901-a77d0f4718c9 h1:cjJkv6ykJys73l+uQIkaK/4DbHOiXjQb0lZWx0WVJZE=
github.com/midbel/sizefmt v0.0.0-20190516041901-a77d0f4718c9/go.mod h1:0uk6kwhOyPPfTlU/nfJakuuPEk9ebqg5tK7sEeIN33A=
github.com/midbel/toml v1.0.1 h1:Va/vbvvo+ic6Zc9J8tD19jRZzjxwCxCCt5QzZAmf7xM=
github.com/midbel/toml v1.0.1/go.mod h1:+sjz9eF3MUm1viemJC2sOXFVLrtmkWunF6rmX1zDKM0=
github.com/midbel/try v1.0.0 h1:4vwuw7PC5R8n/vYl7zO8UiXMOZXyXRufJlqpv+wZlP8=
github.com/midbel/try v1.0.0/go.mod h1:vCPKhbkVv5vfCK104vNDbiPq6ws/u8po/uEds8Vziu8=
github.com/midbel/wip v0.0.0-20200908173014-83732d414826 h1:49xMFpoRq6kVbT26OmteJcaPglt7Ufg+l/HuLgqwPxo=
github.com/midbel/wip v0.0.0-20200908173014-83732d414826/go.mod h1:XtbDSSvNHmur1QEjBCHi4twYPJiRz2FdmdKZf0D/BJg=
github.com/midbel/xxh v0.0.0-20200611170521-8216ee058bc7 h1:UhDI0Q0enIRAYaQXjLRmlkOpYPPAkFX3QpkLLlN65YI=
github.com/midbel/xxh v0.0.0-20200611170521-8216ee058bc7/go.mod h1:+WNtrCZLYEO+2kqw/lyISsnEuDiPYKudnq51PEACmZI=
github.com/pkg/errors v0.9.1 h1:FEBLx1zS214owpjy7qsBeixbURkuhQAwrK5UwLGTwt4=
github.com/pkg/errors v0.9.1/go.mod h1:bwawxfHBFNV+L2hUp1rHADufV3IMtnDRdf1r5NINEl0=
github.com/pkg/sftp v1.13.0 h1:Riw6pgOKK41foc1I1Uu03CjvbLZDXeGpInycM4shXoI=
github.com/pkg/sftp v1.13.0/go.mod h1:41g+FIPlQUTDCveupEmEA65IoiQFrtgCeDopC4ajGIM=
github.com/pmezard/go-difflib v1.0.0 h1:4DBwDE0NGyQoBHbLQYPwSUPoCMWR5BEzIk/f1lZbAQM=
github.com/pmezard/go-difflib v1.0.0/go.mod h1:iKH77koFhYxTK1pcRnkKkqfTogsbg7gZNVY4sRDYZ/4=
github.com/stretchr/objx v0.1.0/go.mod h1:HFkY916IF+rwdDfMAkV7OtwuqBVzrE8GR6GFx+wExME=
github.com/stretchr/testify v1.6.1 h1:hDPOHmpOpP40lSULcqw7IrRb/u7w6RpDC9399XyoNd0=
github.com/stretchr/testify v1.6.1/go.mod h1:6Fq8oRcR53rry900zMqJjRRixrwX3KX962/h/Wwjteg=
github.com/yuin/goldmark v1.4.13/go.mod h1:6yULJ656Px+3vBD8DxQVa3kxgyrAnzto9xy5taEt/CY=
golang.org/x/crypto v0.0.0-20190308221718-c2843e01d9a2/go.mod h1:djNgcEr1/C05ACkg1iLfiJU5Ep61QUkGW8qpdssI0+w=
golang.org/x/crypto v0.0.0-20201221181555-eec23a3978ad/go.mod h1:jdWPYTVW3xRLrWPugEBEK3UY2ZEsg3UU495nc5E+M+I=
golang.org/x/crypto v0.0.0-20210921155107-089bfa567519 h1:7I4JAnoQBe7ZtJcBaYHi5UtiO8tQHbUSXxL+pnGRANg=
golang.org/x/crypto v0.0.0-20210921155107-089bfa567519/go.mod h1:GvvjBRRGRdwPK5ydBHafDWAxML/pGHZbMvKqRZ5+Abc=
golang.org/x/mod v0.6.0-dev.0.20220419223038-86c51ed26bb4/go.mod h1:jJ57K6gSWd91VN4djpZkiMVwK6gcyfeH4XE8wZrZaV4=
golang.org/x/net v0.0.0-20190404232315-eb5bcb51f2a3/go.mod h1:t9HGtf8HONx5eT2rtn7q6eTqICYqUVnKs3thJo3Qplg=
golang.org/x/net v0.0.0-20190620200207-3b0461eec859/go.mod h1:z5CRVTTTmAJ677TzLLGU+0bjPO0LkuOLi4/5GtJWs/s=
golang.org/x/net v0.0.0-20210226172049-e18ecbb05110/go.mod h1:m0MpNAwzfU5UDzcl9v0D8zg8gWTRqZa9RBIspLL5mdg=
golang.org/x/net v0.0.0-20220722155237-a158d28d115b/go.mod h1:XRhObCWvk6IyKnWLug+ECip1KBveYUHfp+8e9klMJ9c=
golang.org/x/net v0.7.0 h1:rJrUqqhjsgNp7KqAIc25s9pZnjU7TUcSY7HcVZjdn1g=
golang.org/x/net v0.7.0/go.mod h1:2Tu9+aMcznHK/AK1HMvgo6xiTLG5rD5rZLDS+rp2Bjs=
golang.org/x/sync v0.0.0-20190423024810-112230192c58/go.mod h1:RxMgew5VJxzue5/jJTE5uejpjVlOe/izrB70Jof72aM=
golang.org/x/sync v0.0.0-20220722155255-886fb9371eb4 h1:uVc8UZUe6tr40fFVnUP5Oj+veunVezqYl9z7DYw9xzw=
golang.org/x/sync v0.0.0-20220722155255-886fb9371eb4/go.mod h1:RxMgew5VJxzue5/jJTE5uejpjVlOe/izrB70Jof72aM=
golang.org/x/sys v0.0.0-20190215142949-d0b11bdaac8a/go.mod h1:STP8DvDyc/dI5b8T5hshtkjS+E42TnysNCUPdjciGhY=
golang.org/x/sys v0.0.0-20191026070338-33540a1f6037/go.mod h1:h1NjWce9XRLGQEsW7wpKNCjG9DtNlClVuFLEZdDNbEs=
golang.org/x/sys v0.0.0-20201119102817-f84b799fce68/go.mod h1:h1NjWce9XRLGQEsW7wpKNCjG9DtNlClVuFLEZdDNbEs=
golang.org/x/sys v0.0.0-20210119212857-b64e53b001e4/go.mod h1:h1NjWce9XRLGQEsW7wpKNCjG9DtNlClVuFLEZdDNbEs=
golang.org/x/sys v0.0.0-20210615035016-665e8c7367d1/go.mod h1:oPkhp1MJrh7nUepCBck5+mAzfO9JrbApNNgaTdGDITg=
golang.org/x/sys v0.0.0-20220520151302-bc2c85ada10a/go.mod h1:oPkhp1MJrh7nUepCBck5+mAzfO9JrbApNNgaTdGDITg=
golang.org/x/sys v0.0.0-20220722155257-8c9f86f7a55f/go.mod h1:oPkhp1MJrh7nUepCBck5+mAzfO9JrbApNNgaTdGDITg=
golang.org/x/sys v0.5.0 h1:MUK/U/4lj1t1oPg0HfuXDN/Z1wv31ZJ/YcPiGccS4DU=
golang.org/x/sys v0.5.0/go.mod h1:oPkhp1MJrh7nUepCBck5+mAzfO9JrbApNNgaTdGDITg=
golang.org/x/term v0.0.0-20201117132131-f5c789dd3221/go.mod h1:Nr5EML6q2oocZ2LXRh80K7BxOlk5/8JxuGnuhpl+muw=
golang.org/x/term v0.0.0-20201126162022-7de9c90e9dd1/go.mod h1:bj7SfCRtBDWHUb9snDiAeCFNEtKQo2Wmx5Cou7ajbmo=
golang.org/x/term v0.0.0-20210927222741-03fcf44c2211/go.mod h1:jbD1KX2456YbFQfuXm/mYQcufACuNUgVhRMnK/tPxf8=
golang.org/x/term v0.5.0 h1:n2a8QNdAb0sZNpU9R1ALUXBbY+w51fCQDN+7EdxNBsY=
golang.org/x/term v0.5.0/go.mod h1:jMB1sMXY+tzblOD4FWmEbocvup2/aLOaQEp7JmGp78k=
golang.org/x/text v0.3.0/go.mod h1:NqM8EUOU14njkJ3fqMW+pc6Ldnwhi/IjpwHt7yyuwOQ=
golang.org/x/text v0.3.3/go.mod h1:5Zoc/QRtKVWzQhOtBMvqHzDpF6irO9z98xDceosuGiQ=
golang.org/x/text v0.3.5/go.mod h1:5Zoc/QRtKVWzQhOtBMvqHzDpF6irO9z98xDceosuGiQ=
golang.org/x/text v0.3.7/go.mod h1:u+2+/6zg+i71rQMx5EYifcz6MCKuco9NR6JIITiCfzQ=
golang.org/x/text v0.7.0 h1:4BRB4x83lYWy72KwLD/qYDuTu7q9PjSagHvijDw7cLo=
golang.org/x/text v0.7.0/go.mod h1:mrYo+phRRbMaCq/xk9113O4dZlRixOauAjOtrjsXDZ8=
golang.org/x/tools v0.0.0-20180917221912-90fa682c2a6e/go.mod h1:n7NCudcB/nEzxVGmLbDWY5pfWTLqBcC2KZ6jyYvM4mQ=
golang.org/x/tools v0.0.0-20191119224855-298f0cb1881e/go.mod h1:b+2E5dAYhXwXZwtnZ6UAqBI28+e2cm9otk0dWdXHAEo=
golang.org/x/tools v0.1.12/go.mod h1:hNGJHUnrk76NpqgfD5Aqm5Crs+Hm0VOH/i9J2+nxYbc=
golang.org/x/xerrors v0.0.0-20190717185122-a985d3407aa7/go.mod h1:I/5z698sn9Ka8TeJc9MKroUUfqBBauWjQqLJ2OPfmY0=
gopkg.in/check.v1 v0.0.0-20161208181325-20d25e280405 h1:yhCVgyC4o1eVCa2tZl7eS0r+SDo693bJlVdllGtEeKM=
gopkg.in/check.v1 v0.0.0-20161208181325-20d25e280405/go.mod h1:Co6ibVJAznAaIkqp8huTwlJQCZ016jof/cbN4VW5Yz0=
gopkg.in/yaml.v3 v3.0.0-20200313102051-9f266ea9e77c h1:dUUwHk2QECo/6vqA44rthZ8ie2QXMNeKRTHCNY2nXvo=
gopkg.in/yaml.v3 v3.0.0-20200313102051-9f266ea9e77c/go.mod h1:K4uyk7z7BCEPqu6E+C64Yfv1cQ7kz7rIZviUmN+EgEM=
